
Microsoft Visual Studio Solution File, Format Version 12.00
# Visual Studio Version 17
VisualStudioVersion = 17.11.35327.3
MinimumVisualStudioVersion = 10.0.40219.1
Project("{9A19103F-16F7-4668-BE54-9A1E7A4F7556}") = "RoomBooking", "RoomBooking\RoomBooking.csproj", "{2C9DF7D1-0658-418D-998B-98E9101CA617}"
EndProject
Project("{FAE04EC0-301F-11D3-BF4B-00C04F79EFBC}") = "RoomBooking.Application", "RoomBooking.Application\RoomBooking.Application.csproj", "{4A221B94-41D0-40C1-A43D-1AAA9B22015F}"
EndProject
Project("{FAE04EC0-301F-11D3-BF4B-00C04F79EFBC}") = "RoomBooking.Infrastructure", "RoomBooking.Infrastructure\RoomBooking.Infrastructure.csproj", "{68C3723F-037B-49D1-9BF1-0C35CE20DCA1}"
EndProject
Project("{FAE04EC0-301F-11D3-BF4B-00C04F79EFBC}") = "RoomBooking.Domain", "RoomBooking.Domain\RoomBooking.Domain.csproj", "{619DAB6A-636B-47F5-9B5D-0055E5129A5A}"
EndProject
Global
	GlobalSection(SolutionConfigurationPlatforms) = preSolution
		Debug|Any CPU = Debug|Any CPU
		Release|Any CPU = Release|Any CPU
	EndGlobalSection
	GlobalSection(ProjectConfigurationPlatforms) = postSolution
		{2C9DF7D1-0658-418D-998B-98E9101CA617}.Debug|Any CPU.ActiveCfg = Debug|Any CPU
		{2C9DF7D1-0658-418D-998B-98E9101CA617}.Debug|Any CPU.Build.0 = Debug|Any CPU
		{2C9DF7D1-0658-418D-998B-98E9101CA617}.Release|Any CPU.ActiveCfg = Release|Any CPU
		{2C9DF7D1-0658-418D-998B-98E9101CA617}.Release|Any CPU.Build.0 = Release|Any CPU
		{4A221B94-41D0-40C1-A43D-1AAA9B22015F}.Debug|Any CPU.ActiveCfg = Debug|Any CPU
		{4A221B94-41D0-40C1-A43D-1AAA9B22015F}.Debug|Any CPU.Build.0 = Debug|Any CPU
		{4A221B94-41D0-40C1-A43D-1AAA9B22015F}.Release|Any CPU.ActiveCfg = Release|Any CPU
		{4A221B94-41D0-40C1-A43D-1AAA9B22015F}.Release|Any CPU.Build.0 = Release|Any CPU
		{68C3723F-037B-49D1-9BF1-0C35CE20DCA1}.Debug|Any CPU.ActiveCfg = Debug|Any CPU
		{68C3723F-037B-49D1-9BF1-0C35CE20DCA1}.Debug|Any CPU.Build.0 = Debug|Any CPU
		{68C3723F-037B-49D1-9BF1-0C35CE20DCA1}.Release|Any CPU.ActiveCfg = Release|Any CPU
		{68C3723F-037B-49D1-9BF1-0C35CE20DCA1}.Release|Any CPU.Build.0 = Release|Any CPU
		{619DAB6A-636B-47F5-9B5D-0055E5129A5A}.Debug|Any CPU.ActiveCfg = Debug|Any CPU
		{619DAB6A-636B-47F5-9B5D-0055E5129A5A}.Debug|Any CPU.Build.0 = Debug|Any CPU
		{619DAB6A-636B-47F5-9B5D-0055E5129A5A}.Release|Any CPU.ActiveCfg = Release|Any CPU
		{619DAB6A-636B-47F5-9B5D-0055E5129A5A}.Release|Any CPU.Build.0 = Release|Any CPU
	EndGlobalSection
	GlobalSection(SolutionProperties) = preSolution
		HideSolutionNode = FALSE
	EndGlobalSection
	GlobalSection(ExtensibilityGlobals) = postSolution
		SolutionGuid = {4F604357-1118-46FB-95DB-5C8E6C3DB229}
	EndGlobalSection
EndGlobal
